<?xml version="1.0" encoding="utf-8"?>
<Project ToolsVersion="4.0" xmlns="http://schemas.microsoft.com/developer/msbuild/2003">
  <ItemGroup>
    <Filter Include="Resource Files">
      <UniqueIdentifier>{67DA6AB6-F800-4c08-8B7A-83BB121AAD01}</UniqueIdentifier>
      <Extensions>rc;ico;cur;bmp;dlg;rc2;rct;bin;rgs;gif;jpg;jpeg;jpe;resx;tiff;tif;png;wav;mfcribbon-ms</Extensions>
    </Filter>
    <Filter Include="Engine Files">
      <UniqueIdentifier>{4FC737F1-C7A5-4376-A066-2A32D752A2FF}</UniqueIdentifier>
      <Extensions>cpp;c;cc;cxx;c++;cppm;ixx;def;odl;idl;hpj;bat;asm;asmx</Extensions>
    </Filter>
    <Filter Include="Engine Files\imgui">
      <UniqueIdentifier>{101fb243-8b09-4a28-9700-f1f5dae6041f}</UniqueIdentifier>
    </Filter>
    <Filter Include="Engine Files\Audio">
      <UniqueIdentifier>{93dc0f8f-2160-48c5-91a5-606f1bf64b06}</UniqueIdentifier>
    </Filter>
    <Filter Include="Engine Files\Components">
      <UniqueIdentifier>{7fafa5ff-d7c2-4a50-8dd3-6f57b17f20ff}</UniqueIdentifier>
    </Filter>
    <Filter Include="Engine Files\Managers">
      <UniqueIdentifier>{61a6b5bd-d15f-4c75-ba21-986fe56ea85c}</UniqueIdentifier>
    </Filter>
    <Filter Include="Engine Files\Helpers">
      <UniqueIdentifier>{58a3cf53-c317-44f1-a124-e432fb89d0fe}</UniqueIdentifier>
    </Filter>
  </ItemGroup>
  <ItemGroup>
    <ClCompile Include="Minigin\GameObject.cpp">
      <Filter>Engine Files</Filter>
    </ClCompile>
    <ClCompile Include="Minigin\Locator.cpp">
      <Filter>Engine Files</Filter>
    </ClCompile>
    <ClCompile Include="Minigin\Main.cpp">
      <Filter>Engine Files</Filter>
    </ClCompile>
    <ClCompile Include="Minigin\Minigin.cpp">
      <Filter>Engine Files</Filter>
    </ClCompile>
    <ClCompile Include="Minigin\PlayerLivesDisplay.cpp">
      <Filter>Engine Files</Filter>
    </ClCompile>
    <ClCompile Include="Minigin\PlayerScoreDisplay.cpp">
      <Filter>Engine Files</Filter>
    </ClCompile>
    <ClCompile Include="Minigin\Renderer.cpp">
      <Filter>Engine Files</Filter>
    </ClCompile>
    <ClCompile Include="Minigin\Scene.cpp">
      <Filter>Engine Files</Filter>
    </ClCompile>
    <ClCompile Include="Minigin\Subject.cpp">
      <Filter>Engine Files</Filter>
    </ClCompile>
    <ClCompile Include="Minigin\Texture2D.cpp">
      <Filter>Engine Files</Filter>
    </ClCompile>
    <ClCompile Include="Minigin\Transform.cpp">
      <Filter>Engine Files</Filter>
    </ClCompile>
    <ClCompile Include="Minigin\ImposterPCH.cpp">
      <Filter>Engine Files</Filter>
    </ClCompile>
    <ClCompile Include="3rdParty\imgui-master\imgui_demo.cpp">
      <Filter>Engine Files\imgui</Filter>
    </ClCompile>
    <ClCompile Include="3rdParty\imgui-master\imgui_draw.cpp">
      <Filter>Engine Files\imgui</Filter>
    </ClCompile>
    <ClCompile Include="3rdParty\imgui-master\imgui_tables.cpp">
      <Filter>Engine Files\imgui</Filter>
    </ClCompile>
    <ClCompile Include="3rdParty\imgui-master\imgui_widgets.cpp">
      <Filter>Engine Files\imgui</Filter>
    </ClCompile>
    <ClCompile Include="3rdParty\imgui-master\imgui.cpp">
      <Filter>Engine Files\imgui</Filter>
    </ClCompile>
    <ClCompile Include="3rdParty\imgui-master\backends\imgui_impl_opengl2.cpp">
      <Filter>Engine Files\imgui</Filter>
    </ClCompile>
    <ClCompile Include="3rdParty\imgui-master\backends\imgui_impl_sdl.cpp">
      <Filter>Engine Files\imgui</Filter>
    </ClCompile>
    <ClCompile Include="Minigin\Audio_SDL.cpp">
      <Filter>Engine Files\Audio</Filter>
    </ClCompile>
    <ClCompile Include="Minigin\AudioLogger.cpp">
      <Filter>Engine Files\Audio</Filter>
    </ClCompile>
    <ClCompile Include="Minigin\AudioQueue.cpp">
      <Filter>Engine Files\Audio</Filter>
    </ClCompile>
    <ClCompile Include="Minigin\EnableAudioLogging.cpp">
      <Filter>Engine Files\Audio</Filter>
    </ClCompile>
    <ClCompile Include="Minigin\FPSComponent.cpp">
      <Filter>Engine Files\Components</Filter>
    </ClCompile>
    <ClCompile Include="Minigin\RenderComponent.cpp">
      <Filter>Engine Files\Components</Filter>
    </ClCompile>
    <ClCompile Include="Minigin\InputManager.cpp">
      <Filter>Engine Files\Managers</Filter>
    </ClCompile>
    <ClCompile Include="Minigin\AudioManager.cpp">
      <Filter>Engine Files\Managers</Filter>
    </ClCompile>
    <ClCompile Include="Minigin\SceneManager.cpp">
      <Filter>Engine Files\Managers</Filter>
    </ClCompile>
    <ClCompile Include="Minigin\TextComponent.cpp">
      <Filter>Engine Files\Components</Filter>
    </ClCompile>
    <ClCompile Include="Minigin\ResourceManager.cpp">
      <Filter>Engine Files\Managers</Filter>
    </ClCompile>
    <ClCompile Include="Minigin\TimeManager.cpp">
      <Filter>Engine Files\Managers</Filter>
    </ClCompile>
    <ClCompile Include="Minigin\Font.cpp">
      <Filter>Engine Files\Helpers</Filter>
    </ClCompile>
    <ClCompile Include="Minigin\Game.cpp">
      <Filter>Engine Files\Helpers</Filter>
    </ClCompile>
    <ClCompile Include="Minigin\TransformComponent.cpp">
      <Filter>Engine Files\Components</Filter>
    </ClCompile>
    <ClCompile Include="Minigin\Component.cpp">
      <Filter>Engine Files\Components</Filter>
    </ClCompile>
  </ItemGroup>
  <ItemGroup>
    <ClInclude Include="3rdParty\imgui-master\imgui_internal.h">
      <Filter>Engine Files\imgui</Filter>
    </ClInclude>
    <ClInclude Include="3rdParty\imgui-master\imstb_rectpack.h">
      <Filter>Engine Files\imgui</Filter>
    </ClInclude>
    <ClInclude Include="3rdParty\imgui-master\imstb_textedit.h">
      <Filter>Engine Files\imgui</Filter>
    </ClInclude>
    <ClInclude Include="3rdParty\imgui-master\imstb_truetype.h">
      <Filter>Engine Files\imgui</Filter>
    </ClInclude>
    <ClInclude Include="3rdParty\imgui-master\imconfig.h">
      <Filter>Engine Files\imgui</Filter>
    </ClInclude>
    <ClInclude Include="3rdParty\imgui-master\imgui.h">
      <Filter>Engine Files\imgui</Filter>
    </ClInclude>
    <ClInclude Include="3rdParty\imgui-master\backends\imgui_impl_opengl2.h">
      <Filter>Engine Files\imgui</Filter>
    </ClInclude>
    <ClInclude Include="3rdParty\imgui-master\backends\imgui_impl_sdl.h">
      <Filter>Engine Files\imgui</Filter>
    </ClInclude>
    <ClInclude Include="Minigin\Audio.h">
      <Filter>Engine Files\Audio</Filter>
    </ClInclude>
    <ClInclude Include="Minigin\Audio_Null.h">
      <Filter>Engine Files\Audio</Filter>
    </ClInclude>
    <ClInclude Include="Minigin\Audio_SDL.h">
      <Filter>Engine Files\Audio</Filter>
    </ClInclude>
    <ClInclude Include="Minigin\AudioLogger.h">
      <Filter>Engine Files\Audio</Filter>
    </ClInclude>
    <ClInclude Include="Minigin\AudioQueue.h">
      <Filter>Engine Files\Audio</Filter>
    </ClInclude>
    <ClInclude Include="Minigin\GameObject.h">
      <Filter>Engine Files</Filter>
    </ClInclude>
    <ClInclude Include="Minigin\ImposterPCH.h">
      <Filter>Engine Files</Filter>
    </ClInclude>
    <ClInclude Include="Minigin\Locator.h">
      <Filter>Engine Files</Filter>
    </ClInclude>
    <ClInclude Include="Minigin\Minigin.h">
      <Filter>Engine Files</Filter>
    </ClInclude>
    <ClInclude Include="Minigin\Observer.h">
      <Filter>Engine Files</Filter>
    </ClInclude>
    <ClInclude Include="Minigin\PlayerLivesDisplay.h">
      <Filter>Engine Files</Filter>
    </ClInclude>
    <ClInclude Include="Minigin\PlayerScoreDisplay.h">
      <Filter>Engine Files</Filter>
    </ClInclude>
    <ClInclude Include="Minigin\Renderer.h">
      <Filter>Engine Files</Filter>
    </ClInclude>
    <ClInclude Include="Minigin\Scene.h">
      <Filter>Engine Files</Filter>
    </ClInclude>
    <ClInclude Include="Minigin\SceneObject.h">
      <Filter>Engine Files</Filter>
    </ClInclude>
    <ClInclude Include="Minigin\Singleton.h">
      <Filter>Engine Files</Filter>
    </ClInclude>
    <ClInclude Include="Minigin\Subject.h">
      <Filter>Engine Files</Filter>
    </ClInclude>
    <ClInclude Include="Minigin\targetver.h">
      <Filter>Engine Files</Filter>
    </ClInclude>
    <ClInclude Include="Minigin\Texture2D.h">
      <Filter>Engine Files</Filter>
    </ClInclude>
    <ClInclude Include="Minigin\Transform.h">
      <Filter>Engine Files</Filter>
    </ClInclude>
    <ClInclude Include="Minigin\EnableAudioLogging.h">
      <Filter>Engine Files\Audio</Filter>
    </ClInclude>
    <ClInclude Include="Minigin\Component.h">
      <Filter>Engine Files\Components</Filter>
    </ClInclude>
    <ClInclude Include="Minigin\FPSComponent.h">
      <Filter>Engine Files\Components</Filter>
    </ClInclude>
    <ClInclude Include="Minigin\RenderComponent.h">
      <Filter>Engine Files\Components</Filter>
    </ClInclude>
    <ClInclude Include="Minigin\InputManager.h">
      <Filter>Engine Files\Managers</Filter>
    </ClInclude>
    <ClInclude Include="Minigin\AudioManager.h">
      <Filter>Engine Files\Managers</Filter>
    </ClInclude>
    <ClInclude Include="Minigin\ResourceManager.h">
      <Filter>Engine Files\Managers</Filter>
    </ClInclude>
    <ClInclude Include="Minigin\SceneManager.h">
      <Filter>Engine Files\Managers</Filter>
    </ClInclude>
    <ClInclude Include="Minigin\TextComponent.h">
      <Filter>Engine Files\Components</Filter>
    </ClInclude>
    <ClInclude Include="Minigin\TimeManager.h">
      <Filter>Engine Files\Managers</Filter>
    </ClInclude>
    <ClInclude Include="Minigin\Font.h">
      <Filter>Engine Files\Helpers</Filter>
    </ClInclude>
    <ClInclude Include="Minigin\EventStruct.h">
      <Filter>Engine Files\Helpers</Filter>
    </ClInclude>
    <ClInclude Include="Minigin\Game.h">
      <Filter>Engine Files\Helpers</Filter>
    </ClInclude>
    <ClInclude Include="Minigin\Command.h">
      <Filter>Engine Files</Filter>
    </ClInclude>
    <ClInclude Include="Minigin\TransformComponent.h">
      <Filter>Engine Files\Components</Filter>
    </ClInclude>
  </ItemGroup>
  <ItemGroup>
    <None Include="Minigin\imgui.ini" />
  </ItemGroup>
</Project>